Microsoft Visual Studio Solution File, Format Version 12.00
# Visual Studio Version 17
VisualStudioVersion = 17.0.32014.148
MinimumVisualStudioVersion = 10.0.40219.1
Project("{9A19103F-16F7-4668-BE54-9A1E7A4F7556}") = "AmbiPro", "AmbiPro\AmbiPro.csproj", "{5673970A-F9FD-48CB-8CA6-069AF6D5720E}"
	ProjectSection(ProjectDependencies) = postProject
		{D41825DF-7633-4BD6-A5C5-119494CF050B} = {D41825DF-7633-4BD6-A5C5-119494CF050B}
	EndProjectSection
EndProject
Project("{9A19103F-16F7-4668-BE54-9A1E7A4F7556}") = "ArnoldVinkCode", "..\..\ArnoldVinkCode\Desktop\ArnoldVinkCode.csproj", "{478ED5D3-38AF-47FC-AE14-B67976AB952C}"
EndProject
Project("{9A19103F-16F7-4668-BE54-9A1E7A4F7556}") = "ScreenCaptureImport", "..\..\ScreenCaptureTool\ScreenCaptureImport\ScreenCaptureImport.csproj", "{DB56353C-E2DE-4C92-9B46-D21830B9D35C}"
EndProject
Project("{8BC9CEB8-8B4A-11D0-8D11-00A0C91BC942}") = "ScreenCaptureDll", "..\..\ScreenCaptureTool\ScreenCapture\ScreenCapture.vcxproj", "{D41825DF-7633-4BD6-A5C5-119494CF050B}"
EndProject
Global
	GlobalSection(SolutionConfigurationPlatforms) = preSolution
		Debug|Any CPU = Debug|Any CPU
		Debug|x64 = Debug|x64
		Debug|x86 = Debug|x86
		Release|Any CPU = Release|Any CPU
		Release|x64 = Release|x64
		Release|x86 = Release|x86
	EndGlobalSection
	GlobalSection(ProjectConfigurationPlatforms) = postSolution
		{5673970A-F9FD-48CB-8CA6-069AF6D5720E}.Debug|Any CPU.ActiveCfg = Debug|Any CPU
		{5673970A-F9FD-48CB-8CA6-069AF6D5720E}.Debug|Any CPU.Build.0 = Debug|Any CPU
		{5673970A-F9FD-48CB-8CA6-069AF6D5720E}.Debug|x64.ActiveCfg = Debug|Any CPU
		{5673970A-F9FD-48CB-8CA6-069AF6D5720E}.Debug|x64.Build.0 = Debug|Any CPU
		{5673970A-F9FD-48CB-8CA6-069AF6D5720E}.Debug|x86.ActiveCfg = Debug|Any CPU
		{5673970A-F9FD-48CB-8CA6-069AF6D5720E}.Debug|x86.Build.0 = Debug|Any CPU
		{5673970A-F9FD-48CB-8CA6-069AF6D5720E}.Release|Any CPU.ActiveCfg = Release|Any CPU
		{5673970A-F9FD-48CB-8CA6-069AF6D5720E}.Release|Any CPU.Build.0 = Release|Any CPU
		{5673970A-F9FD-48CB-8CA6-069AF6D5720E}.Release|x64.ActiveCfg = Release|Any CPU
		{5673970A-F9FD-48CB-8CA6-069AF6D5720E}.Release|x64.Build.0 = Release|Any CPU
		{5673970A-F9FD-48CB-8CA6-069AF6D5720E}.Release|x86.ActiveCfg = Release|Any CPU
		{5673970A-F9FD-48CB-8CA6-069AF6D5720E}.Release|x86.Build.0 = Release|Any CPU
		{478ED5D3-38AF-47FC-AE14-B67976AB952C}.Debug|Any CPU.ActiveCfg = Debug|Any CPU
		{478ED5D3-38AF-47FC-AE14-B67976AB952C}.Debug|Any CPU.Build.0 = Debug|Any CPU
		{478ED5D3-38AF-47FC-AE14-B67976AB952C}.Debug|x64.ActiveCfg = Debug|Any CPU
		{478ED5D3-38AF-47FC-AE14-B67976AB952C}.Debug|x64.Build.0 = Debug|Any CPU
		{478ED5D3-38AF-47FC-AE14-B67976AB952C}.Debug|x86.ActiveCfg = Debug|Any CPU
		{478ED5D3-38AF-47FC-AE14-B67976AB952C}.Debug|x86.Build.0 = Debug|Any CPU
		{478ED5D3-38AF-47FC-AE14-B67976AB952C}.Release|Any CPU.ActiveCfg = Release|Any CPU
		{478ED5D3-38AF-47FC-AE14-B67976AB952C}.Release|Any CPU.Build.0 = Release|Any CPU
		{478ED5D3-38AF-47FC-AE14-B67976AB952C}.Release|x64.ActiveCfg = Release|Any CPU
		{478ED5D3-38AF-47FC-AE14-B67976AB952C}.Release|x64.Build.0 = Release|Any CPU
		{478ED5D3-38AF-47FC-AE14-B67976AB952C}.Release|x86.ActiveCfg = Release|Any CPU
		{478ED5D3-38AF-47FC-AE14-B67976AB952C}.Release|x86.Build.0 = Release|Any CPU
		{DB56353C-E2DE-4C92-9B46-D21830B9D35C}.Debug|Any CPU.ActiveCfg = Debug|Any CPU
		{DB56353C-E2DE-4C92-9B46-D21830B9D35C}.Debug|Any CPU.Build.0 = Debug|Any CPU
		{DB56353C-E2DE-4C92-9B46-D21830B9D35C}.Debug|x64.ActiveCfg = Debug|Any CPU
		{DB56353C-E2DE-4C92-9B46-D21830B9D35C}.Debug|x64.Build.0 = Debug|Any CPU
		{DB56353C-E2DE-4C92-9B46-D21830B9D35C}.Debug|x86.ActiveCfg = Debug|Any CPU
		{DB56353C-E2DE-4C92-9B46-D21830B9D35C}.Debug|x86.Build.0 = Debug|Any CPU
		{DB56353C-E2DE-4C92-9B46-D21830B9D35C}.Release|Any CPU.ActiveCfg = Release|Any CPU
		{DB56353C-E2DE-4C92-9B46-D21830B9D35C}.Release|Any CPU.Build.0 = Release|Any CPU
		{DB56353C-E2DE-4C92-9B46-D21830B9D35C}.Release|x64.ActiveCfg = Release|Any CPU
		{DB56353C-E2DE-4C92-9B46-D21830B9D35C}.Release|x64.Build.0 = Release|Any CPU
		{DB56353C-E2DE-4C92-9B46-D21830B9D35C}.Release|x86.ActiveCfg = Release|Any CPU
		{DB56353C-E2DE-4C92-9B46-D21830B9D35C}.Release|x86.Build.0 = Release|Any CPU
		{D41825DF-7633-4BD6-A5C5-119494CF050B}.Debug|Any CPU.ActiveCfg = Debug|x64
		{D41825DF-7633-4BD6-A5C5-119494CF050B}.Debug|Any CPU.Build.0 = Debug|x64
		{D41825DF-7633-4BD6-A5C5-119494CF050B}.Debug|x64.ActiveCfg = Debug|x64
		{D41825DF-7633-4BD6-A5C5-119494CF050B}.Debug|x64.Build.0 = Debug|x64
		{D41825DF-7633-4BD6-A5C5-119494CF050B}.Debug|x86.ActiveCfg = Debug|Win32
		{D41825DF-7633-4BD6-A5C5-119494CF050B}.Debug|x86.Build.0 = Debug|Win32
		{D41825DF-7633-4BD6-A5C5-119494CF050B}.Release|Any CPU.ActiveCfg = Release|x64
		{D41825DF-7633-4BD6-A5C5-119494CF050B}.Release|Any CPU.Build.0 = Release|x64
		{D41825DF-7633-4BD6-A5C5-119494CF050B}.Release|x64.ActiveCfg = Release|x64
		{D41825DF-7633-4BD6-A5C5-119494CF050B}.Release|x64.Build.0 = Release|x64
		{D41825DF-7633-4BD6-A5C5-119494CF050B}.Release|x86.ActiveCfg = Release|Win32
		{D41825DF-7633-4BD6-A5C5-119494CF050B}.Release|x86.Build.0 = Release|Win32
	EndGlobalSection
	GlobalSection(SolutionProperties) = preSolution
		HideSolutionNode = FALSE
	EndGlobalSection
	GlobalSection(ExtensibilityGlobals) = postSolution
		SolutionGuid = {C60F7220-073B-40C5-A26D-721D88FA9EAF}
	EndGlobalSection
EndGlobal
