
Microsoft Visual Studio Solution File, Format Version 12.00
# Visual Studio Version 17
VisualStudioVersion = 17.0.32014.148
MinimumVisualStudioVersion = 10.0.40219.1
Project("{FAE04EC0-301F-11D3-BF4B-00C04F79EFBC}") = "AmbiPro", "AmbiPro\AmbiPro.csproj", "{5673970A-F9FD-48CB-8CA6-069AF6D5720E}"
	ProjectSection(ProjectDependencies) = postProject
		{E6463844-5091-497C-B107-8DC8D9DF4D36} = {E6463844-5091-497C-B107-8DC8D9DF4D36}
		{0DC13C50-62EE-4E92-AF8C-789B35769E8D} = {0DC13C50-62EE-4E92-AF8C-789B35769E8D}
		{D41825DF-7633-4BD6-A5C5-119494CF050B} = {D41825DF-7633-4BD6-A5C5-119494CF050B}
	EndProjectSection
EndProject
Project("{FAE04EC0-301F-11D3-BF4B-00C04F79EFBC}") = "Updater", "Updater\Updater.csproj", "{E6463844-5091-497C-B107-8DC8D9DF4D36}"
EndProject
Project("{8BC9CEB8-8B4A-11D0-8D11-00A0C91BC942}") = "ScreenCapture", "ScreenCapture\ScreenCapture.vcxproj", "{D41825DF-7633-4BD6-A5C5-119494CF050B}"
EndProject
Project("{FAE04EC0-301F-11D3-BF4B-00C04F79EFBC}") = "AmbiPro-Admin", "AmbiPro-Admin\AmbiPro-Admin.csproj", "{0DC13C50-62EE-4E92-AF8C-789B35769E8D}"
EndProject
Project("{FAE04EC0-301F-11D3-BF4B-00C04F79EFBC}") = "ScreenCapturePreview", "ScreenCapturePreview\ScreenCapturePreview.csproj", "{0E69D188-1593-4C5B-A203-2ACC021F5C1B}"
	ProjectSection(ProjectDependencies) = postProject
		{D41825DF-7633-4BD6-A5C5-119494CF050B} = {D41825DF-7633-4BD6-A5C5-119494CF050B}
	EndProjectSection
EndProject
Global
	GlobalSection(SolutionConfigurationPlatforms) = preSolution
		Debug|Any CPU = Debug|Any CPU
		Debug|x64 = Debug|x64
		Debug|x86 = Debug|x86
		Release|Any CPU = Release|Any CPU
		Release|x64 = Release|x64
		Release|x86 = Release|x86
	EndGlobalSection
	GlobalSection(ProjectConfigurationPlatforms) = postSolution
		{5673970A-F9FD-48CB-8CA6-069AF6D5720E}.Debug|Any CPU.ActiveCfg = Debug|Any CPU
		{5673970A-F9FD-48CB-8CA6-069AF6D5720E}.Debug|Any CPU.Build.0 = Debug|Any CPU
		{5673970A-F9FD-48CB-8CA6-069AF6D5720E}.Debug|x64.ActiveCfg = Debug|Any CPU
		{5673970A-F9FD-48CB-8CA6-069AF6D5720E}.Debug|x64.Build.0 = Debug|Any CPU
		{5673970A-F9FD-48CB-8CA6-069AF6D5720E}.Debug|x86.ActiveCfg = Debug|Any CPU
		{5673970A-F9FD-48CB-8CA6-069AF6D5720E}.Debug|x86.Build.0 = Debug|Any CPU
		{5673970A-F9FD-48CB-8CA6-069AF6D5720E}.Release|Any CPU.ActiveCfg = Release|Any CPU
		{5673970A-F9FD-48CB-8CA6-069AF6D5720E}.Release|Any CPU.Build.0 = Release|Any CPU
		{5673970A-F9FD-48CB-8CA6-069AF6D5720E}.Release|x64.ActiveCfg = Release|Any CPU
		{5673970A-F9FD-48CB-8CA6-069AF6D5720E}.Release|x64.Build.0 = Release|Any CPU
		{5673970A-F9FD-48CB-8CA6-069AF6D5720E}.Release|x86.ActiveCfg = Release|Any CPU
		{5673970A-F9FD-48CB-8CA6-069AF6D5720E}.Release|x86.Build.0 = Release|Any CPU
		{E6463844-5091-497C-B107-8DC8D9DF4D36}.Debug|Any CPU.ActiveCfg = Debug|Any CPU
		{E6463844-5091-497C-B107-8DC8D9DF4D36}.Debug|Any CPU.Build.0 = Debug|Any CPU
		{E6463844-5091-497C-B107-8DC8D9DF4D36}.Debug|x64.ActiveCfg = Debug|Any CPU
		{E6463844-5091-497C-B107-8DC8D9DF4D36}.Debug|x64.Build.0 = Debug|Any CPU
		{E6463844-5091-497C-B107-8DC8D9DF4D36}.Debug|x86.ActiveCfg = Debug|Any CPU
		{E6463844-5091-497C-B107-8DC8D9DF4D36}.Debug|x86.Build.0 = Debug|Any CPU
		{E6463844-5091-497C-B107-8DC8D9DF4D36}.Release|Any CPU.ActiveCfg = Release|Any CPU
		{E6463844-5091-497C-B107-8DC8D9DF4D36}.Release|Any CPU.Build.0 = Release|Any CPU
		{E6463844-5091-497C-B107-8DC8D9DF4D36}.Release|x64.ActiveCfg = Release|Any CPU
		{E6463844-5091-497C-B107-8DC8D9DF4D36}.Release|x64.Build.0 = Release|Any CPU
		{E6463844-5091-497C-B107-8DC8D9DF4D36}.Release|x86.ActiveCfg = Release|Any CPU
		{E6463844-5091-497C-B107-8DC8D9DF4D36}.Release|x86.Build.0 = Release|Any CPU
		{D41825DF-7633-4BD6-A5C5-119494CF050B}.Debug|Any CPU.ActiveCfg = Debug|x64
		{D41825DF-7633-4BD6-A5C5-119494CF050B}.Debug|Any CPU.Build.0 = Debug|x64
		{D41825DF-7633-4BD6-A5C5-119494CF050B}.Debug|x64.ActiveCfg = Debug|x64
		{D41825DF-7633-4BD6-A5C5-119494CF050B}.Debug|x64.Build.0 = Debug|x64
		{D41825DF-7633-4BD6-A5C5-119494CF050B}.Debug|x86.ActiveCfg = Debug|Win32
		{D41825DF-7633-4BD6-A5C5-119494CF050B}.Debug|x86.Build.0 = Debug|Win32
		{D41825DF-7633-4BD6-A5C5-119494CF050B}.Release|Any CPU.ActiveCfg = Release|x64
		{D41825DF-7633-4BD6-A5C5-119494CF050B}.Release|Any CPU.Build.0 = Release|x64
		{D41825DF-7633-4BD6-A5C5-119494CF050B}.Release|x64.ActiveCfg = Release|x64
		{D41825DF-7633-4BD6-A5C5-119494CF050B}.Release|x64.Build.0 = Release|x64
		{D41825DF-7633-4BD6-A5C5-119494CF050B}.Release|x86.ActiveCfg = Release|Win32
		{D41825DF-7633-4BD6-A5C5-119494CF050B}.Release|x86.Build.0 = Release|Win32
		{0DC13C50-62EE-4E92-AF8C-789B35769E8D}.Debug|Any CPU.ActiveCfg = Debug|Any CPU
		{0DC13C50-62EE-4E92-AF8C-789B35769E8D}.Debug|Any CPU.Build.0 = Debug|Any CPU
		{0DC13C50-62EE-4E92-AF8C-789B35769E8D}.Debug|x64.ActiveCfg = Debug|Any CPU
		{0DC13C50-62EE-4E92-AF8C-789B35769E8D}.Debug|x64.Build.0 = Debug|Any CPU
		{0DC13C50-62EE-4E92-AF8C-789B35769E8D}.Debug|x86.ActiveCfg = Debug|Any CPU
		{0DC13C50-62EE-4E92-AF8C-789B35769E8D}.Debug|x86.Build.0 = Debug|Any CPU
		{0DC13C50-62EE-4E92-AF8C-789B35769E8D}.Release|Any CPU.ActiveCfg = Release|Any CPU
		{0DC13C50-62EE-4E92-AF8C-789B35769E8D}.Release|Any CPU.Build.0 = Release|Any CPU
		{0DC13C50-62EE-4E92-AF8C-789B35769E8D}.Release|x64.ActiveCfg = Release|Any CPU
		{0DC13C50-62EE-4E92-AF8C-789B35769E8D}.Release|x64.Build.0 = Release|Any CPU
		{0DC13C50-62EE-4E92-AF8C-789B35769E8D}.Release|x86.ActiveCfg = Release|Any CPU
		{0DC13C50-62EE-4E92-AF8C-789B35769E8D}.Release|x86.Build.0 = Release|Any CPU
		{0E69D188-1593-4C5B-A203-2ACC021F5C1B}.Debug|Any CPU.ActiveCfg = Debug|Any CPU
		{0E69D188-1593-4C5B-A203-2ACC021F5C1B}.Debug|Any CPU.Build.0 = Debug|Any CPU
		{0E69D188-1593-4C5B-A203-2ACC021F5C1B}.Debug|x64.ActiveCfg = Debug|Any CPU
		{0E69D188-1593-4C5B-A203-2ACC021F5C1B}.Debug|x64.Build.0 = Debug|Any CPU
		{0E69D188-1593-4C5B-A203-2ACC021F5C1B}.Debug|x86.ActiveCfg = Debug|Any CPU
		{0E69D188-1593-4C5B-A203-2ACC021F5C1B}.Debug|x86.Build.0 = Debug|Any CPU
		{0E69D188-1593-4C5B-A203-2ACC021F5C1B}.Release|Any CPU.ActiveCfg = Release|Any CPU
		{0E69D188-1593-4C5B-A203-2ACC021F5C1B}.Release|Any CPU.Build.0 = Release|Any CPU
		{0E69D188-1593-4C5B-A203-2ACC021F5C1B}.Release|x64.ActiveCfg = Release|Any CPU
		{0E69D188-1593-4C5B-A203-2ACC021F5C1B}.Release|x64.Build.0 = Release|Any CPU
		{0E69D188-1593-4C5B-A203-2ACC021F5C1B}.Release|x86.ActiveCfg = Release|Any CPU
		{0E69D188-1593-4C5B-A203-2ACC021F5C1B}.Release|x86.Build.0 = Release|Any CPU
	EndGlobalSection
	GlobalSection(SolutionProperties) = preSolution
		HideSolutionNode = FALSE
	EndGlobalSection
	GlobalSection(ExtensibilityGlobals) = postSolution
		SolutionGuid = {C60F7220-073B-40C5-A26D-721D88FA9EAF}
	EndGlobalSection
EndGlobal
