
Microsoft Visual Studio Solution File, Format Version 12.00
# Visual Studio Version 17
VisualStudioVersion = 17.0.32014.148
MinimumVisualStudioVersion = 10.0.40219.1
Project("{D954291E-2A0B-460D-934E-DC6B0785DB48}") = "AmbiProRemote.Shared", "AmbiProRemote\AmbiProRemote.Shared\AmbiProRemote.Shared.shproj", "{6279C845-92F8-4333-AB99-3D213163593C}"
EndProject
Project("{2150E333-8FDC-42A3-9474-1A3956D46DE8}") = "Platforms", "Platforms", "{2B6FCC30-334A-437E-92B4-0F91E9AC6ECF}"
EndProject
Project("{FAE04EC0-301F-11D3-BF4B-00C04F79EFBC}") = "AmbiProRemote.Droid", "AmbiProRemote\AmbiProRemote.Droid\AmbiProRemote.Droid.csproj", "{001F0A69-941A-494E-A653-C6C7F9F0B19C}"
EndProject
Project("{FAE04EC0-301F-11D3-BF4B-00C04F79EFBC}") = "AmbiProRemote.iOS", "AmbiProRemote\AmbiProRemote.iOS\AmbiProRemote.iOS.csproj", "{26565398-16F4-46C5-A9A7-C19D7A6EAC89}"
EndProject
Project("{FAE04EC0-301F-11D3-BF4B-00C04F79EFBC}") = "AmbiProRemote.UWP", "AmbiProRemote\AmbiProRemote.UWP\AmbiProRemote.UWP.csproj", "{F92CDBCE-EA10-4C05-A67C-65017A1DB1FA}"
EndProject
Global
	GlobalSection(SharedMSBuildProjectFiles) = preSolution
		AmbiProRemote\AmbiProRemote.Shared\AmbiProRemote.Shared.projitems*{001f0a69-941a-494e-a653-c6c7f9f0b19c}*SharedItemsImports = 4
		AmbiProRemote\AmbiProRemote.Shared\AmbiProRemote.Shared.projitems*{26565398-16f4-46c5-a9a7-c19d7a6eac89}*SharedItemsImports = 4
		AmbiProRemote\AmbiProRemote.Shared\AmbiProRemote.Shared.projitems*{6279c845-92f8-4333-ab99-3d213163593c}*SharedItemsImports = 13
		AmbiProRemote\AmbiProRemote.Shared\AmbiProRemote.Shared.projitems*{f92cdbce-ea10-4c05-a67c-65017a1db1fa}*SharedItemsImports = 4
	EndGlobalSection
	GlobalSection(SolutionConfigurationPlatforms) = preSolution
		Ad-Hoc|Any CPU = Ad-Hoc|Any CPU
		Ad-Hoc|ARM = Ad-Hoc|ARM
		Ad-Hoc|ARM64 = Ad-Hoc|ARM64
		Ad-Hoc|iPhone = Ad-Hoc|iPhone
		Ad-Hoc|iPhoneSimulator = Ad-Hoc|iPhoneSimulator
		Ad-Hoc|x64 = Ad-Hoc|x64
		Ad-Hoc|x86 = Ad-Hoc|x86
		AppStore|Any CPU = AppStore|Any CPU
		AppStore|ARM = AppStore|ARM
		AppStore|ARM64 = AppStore|ARM64
		AppStore|iPhone = AppStore|iPhone
		AppStore|iPhoneSimulator = AppStore|iPhoneSimulator
		AppStore|x64 = AppStore|x64
		AppStore|x86 = AppStore|x86
		Debug|Any CPU = Debug|Any CPU
		Debug|ARM = Debug|ARM
		Debug|ARM64 = Debug|ARM64
		Debug|iPhone = Debug|iPhone
		Debug|iPhoneSimulator = Debug|iPhoneSimulator
		Debug|x64 = Debug|x64
		Debug|x86 = Debug|x86
		Release|Any CPU = Release|Any CPU
		Release|ARM = Release|ARM
		Release|ARM64 = Release|ARM64
		Release|iPhone = Release|iPhone
		Release|iPhoneSimulator = Release|iPhoneSimulator
		Release|x64 = Release|x64
		Release|x86 = Release|x86
	EndGlobalSection
	GlobalSection(ProjectConfigurationPlatforms) = postSolution
		{001F0A69-941A-494E-A653-C6C7F9F0B19C}.Ad-Hoc|Any CPU.ActiveCfg = Debug|Any CPU
		{001F0A69-941A-494E-A653-C6C7F9F0B19C}.Ad-Hoc|Any CPU.Build.0 = Debug|Any CPU
		{001F0A69-941A-494E-A653-C6C7F9F0B19C}.Ad-Hoc|Any CPU.Deploy.0 = Debug|Any CPU
		{001F0A69-941A-494E-A653-C6C7F9F0B19C}.Ad-Hoc|ARM.ActiveCfg = Debug|Any CPU
		{001F0A69-941A-494E-A653-C6C7F9F0B19C}.Ad-Hoc|ARM.Build.0 = Debug|Any CPU
		{001F0A69-941A-494E-A653-C6C7F9F0B19C}.Ad-Hoc|ARM.Deploy.0 = Debug|Any CPU
		{001F0A69-941A-494E-A653-C6C7F9F0B19C}.Ad-Hoc|ARM64.ActiveCfg = Debug|Any CPU
		{001F0A69-941A-494E-A653-C6C7F9F0B19C}.Ad-Hoc|ARM64.Build.0 = Debug|Any CPU
		{001F0A69-941A-494E-A653-C6C7F9F0B19C}.Ad-Hoc|ARM64.Deploy.0 = Debug|Any CPU
		{001F0A69-941A-494E-A653-C6C7F9F0B19C}.Ad-Hoc|iPhone.ActiveCfg = Debug|Any CPU
		{001F0A69-941A-494E-A653-C6C7F9F0B19C}.Ad-Hoc|iPhone.Build.0 = Debug|Any CPU
		{001F0A69-941A-494E-A653-C6C7F9F0B19C}.Ad-Hoc|iPhone.Deploy.0 = Debug|Any CPU
		{001F0A69-941A-494E-A653-C6C7F9F0B19C}.Ad-Hoc|iPhoneSimulator.ActiveCfg = Debug|Any CPU
		{001F0A69-941A-494E-A653-C6C7F9F0B19C}.Ad-Hoc|iPhoneSimulator.Build.0 = Debug|Any CPU
		{001F0A69-941A-494E-A653-C6C7F9F0B19C}.Ad-Hoc|iPhoneSimulator.Deploy.0 = Debug|Any CPU
		{001F0A69-941A-494E-A653-C6C7F9F0B19C}.Ad-Hoc|x64.ActiveCfg = Debug|Any CPU
		{001F0A69-941A-494E-A653-C6C7F9F0B19C}.Ad-Hoc|x64.Build.0 = Debug|Any CPU
		{001F0A69-941A-494E-A653-C6C7F9F0B19C}.Ad-Hoc|x64.Deploy.0 = Debug|Any CPU
		{001F0A69-941A-494E-A653-C6C7F9F0B19C}.Ad-Hoc|x86.ActiveCfg = Debug|Any CPU
		{001F0A69-941A-494E-A653-C6C7F9F0B19C}.Ad-Hoc|x86.Build.0 = Debug|Any CPU
		{001F0A69-941A-494E-A653-C6C7F9F0B19C}.Ad-Hoc|x86.Deploy.0 = Debug|Any CPU
		{001F0A69-941A-494E-A653-C6C7F9F0B19C}.AppStore|Any CPU.ActiveCfg = Debug|Any CPU
		{001F0A69-941A-494E-A653-C6C7F9F0B19C}.AppStore|Any CPU.Build.0 = Debug|Any CPU
		{001F0A69-941A-494E-A653-C6C7F9F0B19C}.AppStore|Any CPU.Deploy.0 = Debug|Any CPU
		{001F0A69-941A-494E-A653-C6C7F9F0B19C}.AppStore|ARM.ActiveCfg = Debug|Any CPU
		{001F0A69-941A-494E-A653-C6C7F9F0B19C}.AppStore|ARM.Build.0 = Debug|Any CPU
		{001F0A69-941A-494E-A653-C6C7F9F0B19C}.AppStore|ARM.Deploy.0 = Debug|Any CPU
		{001F0A69-941A-494E-A653-C6C7F9F0B19C}.AppStore|ARM64.ActiveCfg = Debug|Any CPU
		{001F0A69-941A-494E-A653-C6C7F9F0B19C}.AppStore|ARM64.Build.0 = Debug|Any CPU
		{001F0A69-941A-494E-A653-C6C7F9F0B19C}.AppStore|ARM64.Deploy.0 = Debug|Any CPU
		{001F0A69-941A-494E-A653-C6C7F9F0B19C}.AppStore|iPhone.ActiveCfg = Debug|Any CPU
		{001F0A69-941A-494E-A653-C6C7F9F0B19C}.AppStore|iPhone.Build.0 = Debug|Any CPU
		{001F0A69-941A-494E-A653-C6C7F9F0B19C}.AppStore|iPhone.Deploy.0 = Debug|Any CPU
		{001F0A69-941A-494E-A653-C6C7F9F0B19C}.AppStore|iPhoneSimulator.ActiveCfg = Debug|Any CPU
		{001F0A69-941A-494E-A653-C6C7F9F0B19C}.AppStore|iPhoneSimulator.Build.0 = Debug|Any CPU
		{001F0A69-941A-494E-A653-C6C7F9F0B19C}.AppStore|iPhoneSimulator.Deploy.0 = Debug|Any CPU
		{001F0A69-941A-494E-A653-C6C7F9F0B19C}.AppStore|x64.ActiveCfg = Debug|Any CPU
		{001F0A69-941A-494E-A653-C6C7F9F0B19C}.AppStore|x64.Build.0 = Debug|Any CPU
		{001F0A69-941A-494E-A653-C6C7F9F0B19C}.AppStore|x64.Deploy.0 = Debug|Any CPU
		{001F0A69-941A-494E-A653-C6C7F9F0B19C}.AppStore|x86.ActiveCfg = Debug|Any CPU
		{001F0A69-941A-494E-A653-C6C7F9F0B19C}.AppStore|x86.Build.0 = Debug|Any CPU
		{001F0A69-941A-494E-A653-C6C7F9F0B19C}.AppStore|x86.Deploy.0 = Debug|Any CPU
		{001F0A69-941A-494E-A653-C6C7F9F0B19C}.Debug|Any CPU.ActiveCfg = Debug|Any CPU
		{001F0A69-941A-494E-A653-C6C7F9F0B19C}.Debug|Any CPU.Build.0 = Debug|Any CPU
		{001F0A69-941A-494E-A653-C6C7F9F0B19C}.Debug|Any CPU.Deploy.0 = Debug|Any CPU
		{001F0A69-941A-494E-A653-C6C7F9F0B19C}.Debug|ARM.ActiveCfg = Debug|Any CPU
		{001F0A69-941A-494E-A653-C6C7F9F0B19C}.Debug|ARM.Build.0 = Debug|Any CPU
		{001F0A69-941A-494E-A653-C6C7F9F0B19C}.Debug|ARM.Deploy.0 = Debug|Any CPU
		{001F0A69-941A-494E-A653-C6C7F9F0B19C}.Debug|ARM64.ActiveCfg = Debug|Any CPU
		{001F0A69-941A-494E-A653-C6C7F9F0B19C}.Debug|ARM64.Build.0 = Debug|Any CPU
		{001F0A69-941A-494E-A653-C6C7F9F0B19C}.Debug|ARM64.Deploy.0 = Debug|Any CPU
		{001F0A69-941A-494E-A653-C6C7F9F0B19C}.Debug|iPhone.ActiveCfg = Debug|Any CPU
		{001F0A69-941A-494E-A653-C6C7F9F0B19C}.Debug|iPhone.Build.0 = Debug|Any CPU
		{001F0A69-941A-494E-A653-C6C7F9F0B19C}.Debug|iPhone.Deploy.0 = Debug|Any CPU
		{001F0A69-941A-494E-A653-C6C7F9F0B19C}.Debug|iPhoneSimulator.ActiveCfg = Debug|Any CPU
		{001F0A69-941A-494E-A653-C6C7F9F0B19C}.Debug|iPhoneSimulator.Build.0 = Debug|Any CPU
		{001F0A69-941A-494E-A653-C6C7F9F0B19C}.Debug|iPhoneSimulator.Deploy.0 = Debug|Any CPU
		{001F0A69-941A-494E-A653-C6C7F9F0B19C}.Debug|x64.ActiveCfg = Debug|Any CPU
		{001F0A69-941A-494E-A653-C6C7F9F0B19C}.Debug|x64.Build.0 = Debug|Any CPU
		{001F0A69-941A-494E-A653-C6C7F9F0B19C}.Debug|x64.Deploy.0 = Debug|Any CPU
		{001F0A69-941A-494E-A653-C6C7F9F0B19C}.Debug|x86.ActiveCfg = Debug|Any CPU
		{001F0A69-941A-494E-A653-C6C7F9F0B19C}.Debug|x86.Build.0 = Debug|Any CPU
		{001F0A69-941A-494E-A653-C6C7F9F0B19C}.Debug|x86.Deploy.0 = Debug|Any CPU
		{001F0A69-941A-494E-A653-C6C7F9F0B19C}.Release|Any CPU.ActiveCfg = Release|Any CPU
		{001F0A69-941A-494E-A653-C6C7F9F0B19C}.Release|Any CPU.Build.0 = Release|Any CPU
		{001F0A69-941A-494E-A653-C6C7F9F0B19C}.Release|Any CPU.Deploy.0 = Release|Any CPU
		{001F0A69-941A-494E-A653-C6C7F9F0B19C}.Release|ARM.ActiveCfg = Release|Any CPU
		{001F0A69-941A-494E-A653-C6C7F9F0B19C}.Release|ARM.Build.0 = Release|Any CPU
		{001F0A69-941A-494E-A653-C6C7F9F0B19C}.Release|ARM.Deploy.0 = Release|Any CPU
		{001F0A69-941A-494E-A653-C6C7F9F0B19C}.Release|ARM64.ActiveCfg = Release|Any CPU
		{001F0A69-941A-494E-A653-C6C7F9F0B19C}.Release|ARM64.Build.0 = Release|Any CPU
		{001F0A69-941A-494E-A653-C6C7F9F0B19C}.Release|ARM64.Deploy.0 = Release|Any CPU
		{001F0A69-941A-494E-A653-C6C7F9F0B19C}.Release|iPhone.ActiveCfg = Release|Any CPU
		{001F0A69-941A-494E-A653-C6C7F9F0B19C}.Release|iPhone.Build.0 = Release|Any CPU
		{001F0A69-941A-494E-A653-C6C7F9F0B19C}.Release|iPhone.Deploy.0 = Release|Any CPU
		{001F0A69-941A-494E-A653-C6C7F9F0B19C}.Release|iPhoneSimulator.ActiveCfg = Release|Any CPU
		{001F0A69-941A-494E-A653-C6C7F9F0B19C}.Release|iPhoneSimulator.Build.0 = Release|Any CPU
		{001F0A69-941A-494E-A653-C6C7F9F0B19C}.Release|iPhoneSimulator.Deploy.0 = Release|Any CPU
		{001F0A69-941A-494E-A653-C6C7F9F0B19C}.Release|x64.ActiveCfg = Release|Any CPU
		{001F0A69-941A-494E-A653-C6C7F9F0B19C}.Release|x64.Build.0 = Release|Any CPU
		{001F0A69-941A-494E-A653-C6C7F9F0B19C}.Release|x64.Deploy.0 = Release|Any CPU
		{001F0A69-941A-494E-A653-C6C7F9F0B19C}.Release|x86.ActiveCfg = Release|Any CPU
		{001F0A69-941A-494E-A653-C6C7F9F0B19C}.Release|x86.Build.0 = Release|Any CPU
		{001F0A69-941A-494E-A653-C6C7F9F0B19C}.Release|x86.Deploy.0 = Release|Any CPU
		{26565398-16F4-46C5-A9A7-C19D7A6EAC89}.Ad-Hoc|Any CPU.ActiveCfg = Ad-Hoc|iPhoneSimulator
		{26565398-16F4-46C5-A9A7-C19D7A6EAC89}.Ad-Hoc|Any CPU.Build.0 = Ad-Hoc|iPhoneSimulator
		{26565398-16F4-46C5-A9A7-C19D7A6EAC89}.Ad-Hoc|ARM.ActiveCfg = Ad-Hoc|iPhoneSimulator
		{26565398-16F4-46C5-A9A7-C19D7A6EAC89}.Ad-Hoc|ARM.Build.0 = Ad-Hoc|iPhoneSimulator
		{26565398-16F4-46C5-A9A7-C19D7A6EAC89}.Ad-Hoc|ARM64.ActiveCfg = Ad-Hoc|iPhoneSimulator
		{26565398-16F4-46C5-A9A7-C19D7A6EAC89}.Ad-Hoc|ARM64.Build.0 = Ad-Hoc|iPhoneSimulator
		{26565398-16F4-46C5-A9A7-C19D7A6EAC89}.Ad-Hoc|iPhone.ActiveCfg = Ad-Hoc|iPhone
		{26565398-16F4-46C5-A9A7-C19D7A6EAC89}.Ad-Hoc|iPhone.Build.0 = Ad-Hoc|iPhone
		{26565398-16F4-46C5-A9A7-C19D7A6EAC89}.Ad-Hoc|iPhoneSimulator.ActiveCfg = Ad-Hoc|iPhoneSimulator
		{26565398-16F4-46C5-A9A7-C19D7A6EAC89}.Ad-Hoc|iPhoneSimulator.Build.0 = Ad-Hoc|iPhoneSimulator
		{26565398-16F4-46C5-A9A7-C19D7A6EAC89}.Ad-Hoc|x64.ActiveCfg = Ad-Hoc|iPhoneSimulator
		{26565398-16F4-46C5-A9A7-C19D7A6EAC89}.Ad-Hoc|x64.Build.0 = Ad-Hoc|iPhoneSimulator
		{26565398-16F4-46C5-A9A7-C19D7A6EAC89}.Ad-Hoc|x86.ActiveCfg = Ad-Hoc|iPhoneSimulator
		{26565398-16F4-46C5-A9A7-C19D7A6EAC89}.Ad-Hoc|x86.Build.0 = Ad-Hoc|iPhoneSimulator
		{26565398-16F4-46C5-A9A7-C19D7A6EAC89}.AppStore|Any CPU.ActiveCfg = AppStore|iPhoneSimulator
		{26565398-16F4-46C5-A9A7-C19D7A6EAC89}.AppStore|Any CPU.Build.0 = AppStore|iPhoneSimulator
		{26565398-16F4-46C5-A9A7-C19D7A6EAC89}.AppStore|ARM.ActiveCfg = AppStore|iPhoneSimulator
		{26565398-16F4-46C5-A9A7-C19D7A6EAC89}.AppStore|ARM.Build.0 = AppStore|iPhoneSimulator
		{26565398-16F4-46C5-A9A7-C19D7A6EAC89}.AppStore|ARM64.ActiveCfg = AppStore|iPhoneSimulator
		{26565398-16F4-46C5-A9A7-C19D7A6EAC89}.AppStore|ARM64.Build.0 = AppStore|iPhoneSimulator
		{26565398-16F4-46C5-A9A7-C19D7A6EAC89}.AppStore|iPhone.ActiveCfg = AppStore|iPhone
		{26565398-16F4-46C5-A9A7-C19D7A6EAC89}.AppStore|iPhone.Build.0 = AppStore|iPhone
		{26565398-16F4-46C5-A9A7-C19D7A6EAC89}.AppStore|iPhoneSimulator.ActiveCfg = AppStore|iPhoneSimulator
		{26565398-16F4-46C5-A9A7-C19D7A6EAC89}.AppStore|iPhoneSimulator.Build.0 = AppStore|iPhoneSimulator
		{26565398-16F4-46C5-A9A7-C19D7A6EAC89}.AppStore|x64.ActiveCfg = AppStore|iPhoneSimulator
		{26565398-16F4-46C5-A9A7-C19D7A6EAC89}.AppStore|x64.Build.0 = AppStore|iPhoneSimulator
		{26565398-16F4-46C5-A9A7-C19D7A6EAC89}.AppStore|x86.ActiveCfg = AppStore|iPhoneSimulator
		{26565398-16F4-46C5-A9A7-C19D7A6EAC89}.AppStore|x86.Build.0 = AppStore|iPhoneSimulator
		{26565398-16F4-46C5-A9A7-C19D7A6EAC89}.Debug|Any CPU.ActiveCfg = Debug|iPhoneSimulator
		{26565398-16F4-46C5-A9A7-C19D7A6EAC89}.Debug|Any CPU.Build.0 = Debug|iPhoneSimulator
		{26565398-16F4-46C5-A9A7-C19D7A6EAC89}.Debug|ARM.ActiveCfg = Debug|iPhoneSimulator
		{26565398-16F4-46C5-A9A7-C19D7A6EAC89}.Debug|ARM.Build.0 = Debug|iPhoneSimulator
		{26565398-16F4-46C5-A9A7-C19D7A6EAC89}.Debug|ARM64.ActiveCfg = Debug|iPhoneSimulator
		{26565398-16F4-46C5-A9A7-C19D7A6EAC89}.Debug|ARM64.Build.0 = Debug|iPhoneSimulator
		{26565398-16F4-46C5-A9A7-C19D7A6EAC89}.Debug|iPhone.ActiveCfg = Debug|iPhone
		{26565398-16F4-46C5-A9A7-C19D7A6EAC89}.Debug|iPhone.Build.0 = Debug|iPhone
		{26565398-16F4-46C5-A9A7-C19D7A6EAC89}.Debug|iPhoneSimulator.ActiveCfg = Debug|iPhoneSimulator
		{26565398-16F4-46C5-A9A7-C19D7A6EAC89}.Debug|iPhoneSimulator.Build.0 = Debug|iPhoneSimulator
		{26565398-16F4-46C5-A9A7-C19D7A6EAC89}.Debug|x64.ActiveCfg = Debug|iPhoneSimulator
		{26565398-16F4-46C5-A9A7-C19D7A6EAC89}.Debug|x64.Build.0 = Debug|iPhoneSimulator
		{26565398-16F4-46C5-A9A7-C19D7A6EAC89}.Debug|x86.ActiveCfg = Debug|iPhoneSimulator
		{26565398-16F4-46C5-A9A7-C19D7A6EAC89}.Debug|x86.Build.0 = Debug|iPhoneSimulator
		{26565398-16F4-46C5-A9A7-C19D7A6EAC89}.Release|Any CPU.ActiveCfg = Release|iPhoneSimulator
		{26565398-16F4-46C5-A9A7-C19D7A6EAC89}.Release|Any CPU.Build.0 = Release|iPhoneSimulator
		{26565398-16F4-46C5-A9A7-C19D7A6EAC89}.Release|ARM.ActiveCfg = Release|iPhoneSimulator
		{26565398-16F4-46C5-A9A7-C19D7A6EAC89}.Release|ARM.Build.0 = Release|iPhoneSimulator
		{26565398-16F4-46C5-A9A7-C19D7A6EAC89}.Release|ARM64.ActiveCfg = Release|iPhoneSimulator
		{26565398-16F4-46C5-A9A7-C19D7A6EAC89}.Release|ARM64.Build.0 = Release|iPhoneSimulator
		{26565398-16F4-46C5-A9A7-C19D7A6EAC89}.Release|iPhone.ActiveCfg = Release|iPhone
		{26565398-16F4-46C5-A9A7-C19D7A6EAC89}.Release|iPhone.Build.0 = Release|iPhone
		{26565398-16F4-46C5-A9A7-C19D7A6EAC89}.Release|iPhoneSimulator.ActiveCfg = Release|iPhoneSimulator
		{26565398-16F4-46C5-A9A7-C19D7A6EAC89}.Release|iPhoneSimulator.Build.0 = Release|iPhoneSimulator
		{26565398-16F4-46C5-A9A7-C19D7A6EAC89}.Release|x64.ActiveCfg = Release|iPhoneSimulator
		{26565398-16F4-46C5-A9A7-C19D7A6EAC89}.Release|x64.Build.0 = Release|iPhoneSimulator
		{26565398-16F4-46C5-A9A7-C19D7A6EAC89}.Release|x86.ActiveCfg = Release|iPhoneSimulator
		{26565398-16F4-46C5-A9A7-C19D7A6EAC89}.Release|x86.Build.0 = Release|iPhoneSimulator
		{F92CDBCE-EA10-4C05-A67C-65017A1DB1FA}.Ad-Hoc|Any CPU.ActiveCfg = Debug|x86
		{F92CDBCE-EA10-4C05-A67C-65017A1DB1FA}.Ad-Hoc|Any CPU.Build.0 = Debug|x86
		{F92CDBCE-EA10-4C05-A67C-65017A1DB1FA}.Ad-Hoc|Any CPU.Deploy.0 = Debug|x86
		{F92CDBCE-EA10-4C05-A67C-65017A1DB1FA}.Ad-Hoc|ARM.ActiveCfg = Debug|ARM
		{F92CDBCE-EA10-4C05-A67C-65017A1DB1FA}.Ad-Hoc|ARM.Build.0 = Debug|ARM
		{F92CDBCE-EA10-4C05-A67C-65017A1DB1FA}.Ad-Hoc|ARM.Deploy.0 = Debug|ARM
		{F92CDBCE-EA10-4C05-A67C-65017A1DB1FA}.Ad-Hoc|ARM64.ActiveCfg = Debug|ARM64
		{F92CDBCE-EA10-4C05-A67C-65017A1DB1FA}.Ad-Hoc|ARM64.Build.0 = Debug|ARM64
		{F92CDBCE-EA10-4C05-A67C-65017A1DB1FA}.Ad-Hoc|ARM64.Deploy.0 = Debug|ARM64
		{F92CDBCE-EA10-4C05-A67C-65017A1DB1FA}.Ad-Hoc|iPhone.ActiveCfg = Debug|x86
		{F92CDBCE-EA10-4C05-A67C-65017A1DB1FA}.Ad-Hoc|iPhone.Build.0 = Debug|x86
		{F92CDBCE-EA10-4C05-A67C-65017A1DB1FA}.Ad-Hoc|iPhone.Deploy.0 = Debug|x86
		{F92CDBCE-EA10-4C05-A67C-65017A1DB1FA}.Ad-Hoc|iPhoneSimulator.ActiveCfg = Debug|x86
		{F92CDBCE-EA10-4C05-A67C-65017A1DB1FA}.Ad-Hoc|iPhoneSimulator.Build.0 = Debug|x86
		{F92CDBCE-EA10-4C05-A67C-65017A1DB1FA}.Ad-Hoc|iPhoneSimulator.Deploy.0 = Debug|x86
		{F92CDBCE-EA10-4C05-A67C-65017A1DB1FA}.Ad-Hoc|x64.ActiveCfg = Debug|x64
		{F92CDBCE-EA10-4C05-A67C-65017A1DB1FA}.Ad-Hoc|x64.Build.0 = Debug|x64
		{F92CDBCE-EA10-4C05-A67C-65017A1DB1FA}.Ad-Hoc|x64.Deploy.0 = Debug|x64
		{F92CDBCE-EA10-4C05-A67C-65017A1DB1FA}.Ad-Hoc|x86.ActiveCfg = Debug|x86
		{F92CDBCE-EA10-4C05-A67C-65017A1DB1FA}.Ad-Hoc|x86.Build.0 = Debug|x86
		{F92CDBCE-EA10-4C05-A67C-65017A1DB1FA}.Ad-Hoc|x86.Deploy.0 = Debug|x86
		{F92CDBCE-EA10-4C05-A67C-65017A1DB1FA}.AppStore|Any CPU.ActiveCfg = Debug|x86
		{F92CDBCE-EA10-4C05-A67C-65017A1DB1FA}.AppStore|Any CPU.Build.0 = Debug|x86
		{F92CDBCE-EA10-4C05-A67C-65017A1DB1FA}.AppStore|Any CPU.Deploy.0 = Debug|x86
		{F92CDBCE-EA10-4C05-A67C-65017A1DB1FA}.AppStore|ARM.ActiveCfg = Debug|ARM
		{F92CDBCE-EA10-4C05-A67C-65017A1DB1FA}.AppStore|ARM.Build.0 = Debug|ARM
		{F92CDBCE-EA10-4C05-A67C-65017A1DB1FA}.AppStore|ARM.Deploy.0 = Debug|ARM
		{F92CDBCE-EA10-4C05-A67C-65017A1DB1FA}.AppStore|ARM64.ActiveCfg = Debug|ARM64
		{F92CDBCE-EA10-4C05-A67C-65017A1DB1FA}.AppStore|ARM64.Build.0 = Debug|ARM64
		{F92CDBCE-EA10-4C05-A67C-65017A1DB1FA}.AppStore|ARM64.Deploy.0 = Debug|ARM64
		{F92CDBCE-EA10-4C05-A67C-65017A1DB1FA}.AppStore|iPhone.ActiveCfg = Debug|x86
		{F92CDBCE-EA10-4C05-A67C-65017A1DB1FA}.AppStore|iPhone.Build.0 = Debug|x86
		{F92CDBCE-EA10-4C05-A67C-65017A1DB1FA}.AppStore|iPhone.Deploy.0 = Debug|x86
		{F92CDBCE-EA10-4C05-A67C-65017A1DB1FA}.AppStore|iPhoneSimulator.ActiveCfg = Debug|x86
		{F92CDBCE-EA10-4C05-A67C-65017A1DB1FA}.AppStore|iPhoneSimulator.Build.0 = Debug|x86
		{F92CDBCE-EA10-4C05-A67C-65017A1DB1FA}.AppStore|iPhoneSimulator.Deploy.0 = Debug|x86
		{F92CDBCE-EA10-4C05-A67C-65017A1DB1FA}.AppStore|x64.ActiveCfg = Debug|x64
		{F92CDBCE-EA10-4C05-A67C-65017A1DB1FA}.AppStore|x64.Build.0 = Debug|x64
		{F92CDBCE-EA10-4C05-A67C-65017A1DB1FA}.AppStore|x64.Deploy.0 = Debug|x64
		{F92CDBCE-EA10-4C05-A67C-65017A1DB1FA}.AppStore|x86.ActiveCfg = Debug|x86
		{F92CDBCE-EA10-4C05-A67C-65017A1DB1FA}.AppStore|x86.Build.0 = Debug|x86
		{F92CDBCE-EA10-4C05-A67C-65017A1DB1FA}.AppStore|x86.Deploy.0 = Debug|x86
		{F92CDBCE-EA10-4C05-A67C-65017A1DB1FA}.Debug|Any CPU.ActiveCfg = Debug|x64
		{F92CDBCE-EA10-4C05-A67C-65017A1DB1FA}.Debug|Any CPU.Build.0 = Debug|x64
		{F92CDBCE-EA10-4C05-A67C-65017A1DB1FA}.Debug|Any CPU.Deploy.0 = Debug|x64
		{F92CDBCE-EA10-4C05-A67C-65017A1DB1FA}.Debug|ARM.ActiveCfg = Debug|ARM
		{F92CDBCE-EA10-4C05-A67C-65017A1DB1FA}.Debug|ARM.Build.0 = Debug|ARM
		{F92CDBCE-EA10-4C05-A67C-65017A1DB1FA}.Debug|ARM.Deploy.0 = Debug|ARM
		{F92CDBCE-EA10-4C05-A67C-65017A1DB1FA}.Debug|ARM64.ActiveCfg = Debug|ARM64
		{F92CDBCE-EA10-4C05-A67C-65017A1DB1FA}.Debug|ARM64.Build.0 = Debug|ARM64
		{F92CDBCE-EA10-4C05-A67C-65017A1DB1FA}.Debug|ARM64.Deploy.0 = Debug|ARM64
		{F92CDBCE-EA10-4C05-A67C-65017A1DB1FA}.Debug|iPhone.ActiveCfg = Debug|x64
		{F92CDBCE-EA10-4C05-A67C-65017A1DB1FA}.Debug|iPhone.Build.0 = Debug|x64
		{F92CDBCE-EA10-4C05-A67C-65017A1DB1FA}.Debug|iPhone.Deploy.0 = Debug|x64
		{F92CDBCE-EA10-4C05-A67C-65017A1DB1FA}.Debug|iPhoneSimulator.ActiveCfg = Debug|x64
		{F92CDBCE-EA10-4C05-A67C-65017A1DB1FA}.Debug|iPhoneSimulator.Build.0 = Debug|x64
		{F92CDBCE-EA10-4C05-A67C-65017A1DB1FA}.Debug|iPhoneSimulator.Deploy.0 = Debug|x64
		{F92CDBCE-EA10-4C05-A67C-65017A1DB1FA}.Debug|x64.ActiveCfg = Debug|x64
		{F92CDBCE-EA10-4C05-A67C-65017A1DB1FA}.Debug|x64.Build.0 = Debug|x64
		{F92CDBCE-EA10-4C05-A67C-65017A1DB1FA}.Debug|x64.Deploy.0 = Debug|x64
		{F92CDBCE-EA10-4C05-A67C-65017A1DB1FA}.Debug|x86.ActiveCfg = Debug|x86
		{F92CDBCE-EA10-4C05-A67C-65017A1DB1FA}.Debug|x86.Build.0 = Debug|x86
		{F92CDBCE-EA10-4C05-A67C-65017A1DB1FA}.Debug|x86.Deploy.0 = Debug|x86
		{F92CDBCE-EA10-4C05-A67C-65017A1DB1FA}.Release|Any CPU.ActiveCfg = Release|x64
		{F92CDBCE-EA10-4C05-A67C-65017A1DB1FA}.Release|Any CPU.Build.0 = Release|x64
		{F92CDBCE-EA10-4C05-A67C-65017A1DB1FA}.Release|Any CPU.Deploy.0 = Release|x64
		{F92CDBCE-EA10-4C05-A67C-65017A1DB1FA}.Release|ARM.ActiveCfg = Release|ARM
		{F92CDBCE-EA10-4C05-A67C-65017A1DB1FA}.Release|ARM.Build.0 = Release|ARM
		{F92CDBCE-EA10-4C05-A67C-65017A1DB1FA}.Release|ARM.Deploy.0 = Release|ARM
		{F92CDBCE-EA10-4C05-A67C-65017A1DB1FA}.Release|ARM64.ActiveCfg = Release|ARM64
		{F92CDBCE-EA10-4C05-A67C-65017A1DB1FA}.Release|ARM64.Build.0 = Release|ARM64
		{F92CDBCE-EA10-4C05-A67C-65017A1DB1FA}.Release|ARM64.Deploy.0 = Release|ARM64
		{F92CDBCE-EA10-4C05-A67C-65017A1DB1FA}.Release|iPhone.ActiveCfg = Release|x64
		{F92CDBCE-EA10-4C05-A67C-65017A1DB1FA}.Release|iPhone.Build.0 = Release|x64
		{F92CDBCE-EA10-4C05-A67C-65017A1DB1FA}.Release|iPhone.Deploy.0 = Release|x64
		{F92CDBCE-EA10-4C05-A67C-65017A1DB1FA}.Release|iPhoneSimulator.ActiveCfg = Release|x64
		{F92CDBCE-EA10-4C05-A67C-65017A1DB1FA}.Release|iPhoneSimulator.Build.0 = Release|x64
		{F92CDBCE-EA10-4C05-A67C-65017A1DB1FA}.Release|iPhoneSimulator.Deploy.0 = Release|x64
		{F92CDBCE-EA10-4C05-A67C-65017A1DB1FA}.Release|x64.ActiveCfg = Release|x64
		{F92CDBCE-EA10-4C05-A67C-65017A1DB1FA}.Release|x64.Build.0 = Release|x64
		{F92CDBCE-EA10-4C05-A67C-65017A1DB1FA}.Release|x64.Deploy.0 = Release|x64
		{F92CDBCE-EA10-4C05-A67C-65017A1DB1FA}.Release|x86.ActiveCfg = Release|x86
		{F92CDBCE-EA10-4C05-A67C-65017A1DB1FA}.Release|x86.Build.0 = Release|x86
		{F92CDBCE-EA10-4C05-A67C-65017A1DB1FA}.Release|x86.Deploy.0 = Release|x86
	EndGlobalSection
	GlobalSection(SolutionProperties) = preSolution
		HideSolutionNode = FALSE
	EndGlobalSection
	GlobalSection(NestedProjects) = preSolution
		{001F0A69-941A-494E-A653-C6C7F9F0B19C} = {2B6FCC30-334A-437E-92B4-0F91E9AC6ECF}
		{26565398-16F4-46C5-A9A7-C19D7A6EAC89} = {2B6FCC30-334A-437E-92B4-0F91E9AC6ECF}
		{F92CDBCE-EA10-4C05-A67C-65017A1DB1FA} = {2B6FCC30-334A-437E-92B4-0F91E9AC6ECF}
	EndGlobalSection
	GlobalSection(ExtensibilityGlobals) = postSolution
		SolutionGuid = {67B10568-5746-4F12-83ED-0124A41DBCA7}
	EndGlobalSection
EndGlobal
